{
  "name": "termusic",
  "version": "1.0.4",
  "lockfileVersion": 3,
  "requires": true,
  "packages": {
    "": {
      "name": "termusic",
      "version": "1.0.4",
      "dependencies": {
        "easy-presence": "^1.2.0-oops1"
      },
      "bin": {
        "termusic": "termusic.js"
      }
    },
    "node_modules/easy-presence": {
      "version": "1.2.0-oops1",
      "resolved": "https://registry.npmjs.org/easy-presence/-/easy-presence-1.2.0-oops1.tgz",
      "integrity": "sha512-EJqIVIVQA/NB4eyEVoJFcRPw5saQmqVlabFLfw1ylvxB9TON2xNal4r4l2T4vZOZQw/g+Qo7xGQyIMGv4rPJZw=="
    }
  }
}
