{
  "name": "termusic",
  "version": "1.0.4",
  "lockfileVersion": 3,
  "requires": true,
  "packages": {
    "": {
      "name": "termusic",
      "version": "1.0.4",
      "dependencies": {
        "easy-presence": "github:axellse/easy-presence"
      },
      "bin": {
        "termusic": "termusic.js"
      }
    },
    "node_modules/easy-presence": {
      "version": "1.2.0-oops1",
      "resolved": "git+ssh://git@github.com/axellse/easy-presence.git#ad658da5fc3f5026b9dcc807e8b6f4bb1cddb93f",
      "license": "LGPL-3.0"
    }
  }
}
